github.com/d-velop/dvelop-sdk-go v0.0.0-20190828114721-5346078a09b2 h1:5OhyfFOqvyr4Rn9XevySe2hnBI4675ZXrUkc/RjMTZE=
github.com/patrickmn/go-cache v2.1.0+incompatible h1:HRMgzkcYKYpi3C8ajMPV8OFXaaRUnok+kx1WdO15EQc=
github.com/patrickmn/go-cache v2.1.0+incompatible/go.mod h1:3Qf8kWWT7OJRJbdiICTKqZju1ZixQ/KpMGzzAfe6+WQ=
